// !$*UTF8*$!
{
	archiveVersion = 1;
	classes = {
	};
	objectVersion = 50;
	objects = {

/* Begin PBXBuildFile section */
		6AE938A1232495AD00542A28 /* AppDelegate.swift in Sources */ = {isa = PBXBuildFile; fileRef = 6AE938A0232495AD00542A28 /* AppDelegate.swift */; };
		6AE938A8232495AD00542A28 /* Main.storyboard in Resources */ = {isa = PBXBuildFile; fileRef = 6AE938A6232495AD00542A28 /* Main.storyboard */; };
		6AE938AA232495AE00542A28 /* Assets.xcassets in Resources */ = {isa = PBXBuildFile; fileRef = 6AE938A9232495AE00542A28 /* Assets.xcassets */; };
		6AE938AD232495AE00542A28 /* LaunchScreen.storyboard in Resources */ = {isa = PBXBuildFile; fileRef = 6AE938AB232495AE00542A28 /* LaunchScreen.storyboard */; };
		6AE938B72324A7D000542A28 /* DonateViewController.swift in Sources */ = {isa = PBXBuildFile; fileRef = 6AE938B62324A7D000542A28 /* DonateViewController.swift */; };
		6AE938BA2324AAD000542A28 /* WebKit.framework in Frameworks */ = {isa = PBXBuildFile; fileRef = 6AE938B92324AAD000542A28 /* WebKit.framework */; };
		6AE938BE2324BA4000542A28 /* ContactTableViewController.swift in Sources */ = {isa = PBXBuildFile; fileRef = 6AE938BD2324BA4000542A28 /* ContactTableViewController.swift */; };
		6AE938C22328A8ED00542A28 /* TVTableViewController.swift in Sources */ = {isa = PBXBuildFile; fileRef = 6AE938C12328A8ED00542A28 /* TVTableViewController.swift */; };
/* End PBXBuildFile section */

/* Begin PBXFileReference section */
		6AE9389D232495AD00542A28 /* RadioASP.app */ = {isa = PBXFileReference; explicitFileType = wrapper.application; includeInIndex = 0; path = RadioASP.app; sourceTree = BUILT_PRODUCTS_DIR; };
		6AE938A0232495AD00542A28 /* AppDelegate.swift */ = {isa = PBXFileReference; lastKnownFileType = sourcecode.swift; path = AppDelegate.swift; sourceTree = "<group>"; };
		6AE938A7232495AD00542A28 /* Base */ = {isa = PBXFileReference; lastKnownFileType = file.storyboard; name = Base; path = Base.lproj/Main.storyboard; sourceTree = "<group>"; };
		6AE938A9232495AE00542A28 /* Assets.xcassets */ = {isa = PBXFileReference; lastKnownFileType = folder.assetcatalog; path = Assets.xcassets; sourceTree = "<group>"; };
		6AE938AC232495AE00542A28 /* Base */ = {isa = PBXFileReference; lastKnownFileType = file.storyboard; name = Base; path = Base.lproj/LaunchScreen.storyboard; sourceTree = "<group>"; };
		6AE938AE232495AE00542A28 /* Info.plist */ = {isa = PBXFileReference; lastKnownFileType = text.plist.xml; path = Info.plist; sourceTree = "<group>"; };
		6AE938B62324A7D000542A28 /* DonateViewController.swift */ = {isa = PBXFileReference; lastKnownFileType = sourcecode.swift; path = DonateViewController.swift; sourceTree = "<group>"; };
		6AE938B92324AAD000542A28 /* WebKit.framework */ = {isa = PBXFileReference; lastKnownFileType = wrapper.framework; name = WebKit.framework; path = System/Library/Frameworks/WebKit.framework; sourceTree = SDKROOT; };
		6AE938BD2324BA4000542A28 /* ContactTableViewController.swift */ = {isa = PBXFileReference; lastKnownFileType = sourcecode.swift; path = ContactTableViewController.swift; sourceTree = "<group>"; };
		6AE938C12328A8ED00542A28 /* TVTableViewController.swift */ = {isa = PBXFileReference; lastKnownFileType = sourcecode.swift; path = TVTableViewController.swift; sourceTree = "<group>"; };
		6AE938C32328B90100542A28 /* RadioASP.entitlements */ = {isa = PBXFileReference; lastKnownFileType = text.plist.entitlements; path = RadioASP.entitlements; sourceTree = "<group>"; };
/* End PBXFileReference section */

/* Begin PBXFrameworksBuildPhase section */
		6AE9389A232495AD00542A28 /* Frameworks */ = {
			isa = PBXFrameworksBuildPhase;
			buildActionMask = 2147483647;
			files = (
				6AE938BA2324AAD000542A28 /* WebKit.framework in Frameworks */,
			);
			runOnlyForDeploymentPostprocessing = 0;
		};
/* End PBXFrameworksBuildPhase section */

/* Begin PBXGroup section */
		6AE93894232495AD00542A28 = {
			isa = PBXGroup;
			children = (
				6AE9389F232495AD00542A28 /* RadioASP */,
				6AE9389E232495AD00542A28 /* Products */,
				6AE938B82324AACF00542A28 /* Frameworks */,
			);
			sourceTree = "<group>";
		};
		6AE9389E232495AD00542A28 /* Products */ = {
			isa = PBXGroup;
			children = (
				6AE9389D232495AD00542A28 /* RadioASP.app */,
			);
			name = Products;
			sourceTree = "<group>";
		};
		6AE9389F232495AD00542A28 /* RadioASP */ = {
			isa = PBXGroup;
			children = (
				6AE938C32328B90100542A28 /* RadioASP.entitlements */,
				6AE938A0232495AD00542A28 /* AppDelegate.swift */,
				6AE938A6232495AD00542A28 /* Main.storyboard */,
				6AE938A9232495AE00542A28 /* Assets.xcassets */,
				6AE938AB232495AE00542A28 /* LaunchScreen.storyboard */,
				6AE938AE232495AE00542A28 /* Info.plist */,
				6AE938B62324A7D000542A28 /* DonateViewController.swift */,
				6AE938BD2324BA4000542A28 /* ContactTableViewController.swift */,
				6AE938C12328A8ED00542A28 /* TVTableViewController.swift */,
			);
			path = RadioASP;
			sourceTree = "<group>";
		};
		6AE938B82324AACF00542A28 /* Frameworks */ = {
			isa = PBXGroup;
			children = (
				6AE938B92324AAD000542A28 /* WebKit.framework */,
			);
			name = Frameworks;
			sourceTree = "<group>";
		};
/* End PBXGroup section */

/* Begin PBXNativeTarget section */
		6AE9389C232495AD00542A28 /* RadioASP */ = {
			isa = PBXNativeTarget;
			buildConfigurationList = 6AE938B1232495AE00542A28 /* Build configuration list for PBXNativeTarget "RadioASP" */;
			buildPhases = (
				6AE93899232495AD00542A28 /* Sources */,
				6AE9389A232495AD00542A28 /* Frameworks */,
				6AE9389B232495AD00542A28 /* Resources */,
			);
			buildRules = (
			);
			dependencies = (
			);
			name = RadioASP;
			productName = RadioASP;
			productReference = 6AE9389D232495AD00542A28 /* RadioASP.app */;
			productType = "com.apple.product-type.application";
		};
/* End PBXNativeTarget section */

/* Begin PBXProject section */
		6AE93895232495AD00542A28 /* Project object */ = {
			isa = PBXProject;
			attributes = {
				LastSwiftUpdateCheck = 1030;
				LastUpgradeCheck = 1030;
				ORGANIZATIONNAME = "Prabhjot S. Mattu";
				TargetAttributes = {
					6AE9389C232495AD00542A28 = {
						CreatedOnToolsVersion = 10.3;
						SystemCapabilities = {
							com.apple.ApplicationGroups.iOS = {
								enabled = 0;
							};
							com.apple.DataProtection = {
								enabled = 0;
							};
							com.apple.InterAppAudio = {
								enabled = 0;
							};
						};
					};
				};
			};
			buildConfigurationList = 6AE93898232495AD00542A28 /* Build configuration list for PBXProject "RadioASP" */;
			compatibilityVersion = "Xcode 9.3";
			developmentRegion = en;
			hasScannedForEncodings = 0;
			knownRegions = (
				en,
				Base,
			);
			mainGroup = 6AE93894232495AD00542A28;
			productRefGroup = 6AE9389E232495AD00542A28 /* Products */;
			projectDirPath = "";
			projectRoot = "";
			targets = (
				6AE9389C232495AD00542A28 /* RadioASP */,
			);
		};
/* End PBXProject section */

/* Begin PBXResourcesBuildPhase section */
		6AE9389B232495AD00542A28 /* Resources */ = {
			isa = PBXResourcesBuildPhase;
			buildActionMask = 2147483647;
			files = (
				6AE938AD232495AE00542A28 /* LaunchScreen.storyboard in Resources */,
				6AE938AA232495AE00542A28 /* Assets.xcassets in Resources */,
				6AE938A8232495AD00542A28 /* Main.storyboard in Resources */,
			);
			runOnlyForDeploymentPostprocessing = 0;
		};
/* End PBXResourcesBuildPhase section */

/* Begin PBXSourcesBuildPhase section */
		6AE93899232495AD00542A28 /* Sources */ = {
			isa = PBXSourcesBuildPhase;
			buildActionMask = 2147483647;
			files = (
				6AE938A1232495AD00542A28 /* AppDelegate.swift in Sources */,
				6AE938B72324A7D000542A28 /* DonateViewController.swift in Sources */,
				6AE938BE2324BA4000542A28 /* ContactTableViewController.swift in Sources */,
				6AE938C22328A8ED00542A28 /* TVTableViewController.swift in Sources */,
			);
			runOnlyForDeploymentPostprocessing = 0;
		};
/* End PBXSourcesBuildPhase section */

/* Begin PBXVariantGroup section */
		6AE938A6232495AD00542A28 /* Main.storyboard */ = {
			isa = PBXVariantGroup;
			children = (
				6AE938A7232495AD00542A28 /* Base */,
			);
			name = Main.storyboard;
			sourceTree = "<group>";
		};
		6AE938AB232495AE00542A28 /* LaunchScreen.storyboard */ = {
			isa = PBXVariantGroup;
			children = (
				6AE938AC232495AE00542A28 /* Base */,
			);
			name = LaunchScreen.storyboard;
			sourceTree = "<group>";
		};
/* End PBXVariantGroup section */

/* Begin XCBuildConfiguration section */
		6AE938AF232495AE00542A28 /* Debug */ = {
			isa = XCBuildConfiguration;
			buildSettings = {
				ALWAYS_SEARCH_USER_PATHS = NO;
				CLANG_ANALYZER_NONNULL = YES;
				CLANG_ANALYZER_NUMBER_OBJECT_CONVERSION = YES_AGGRESSIVE;
				CLANG_CXX_LANGUAGE_STANDARD = "gnu++14";
				CLANG_CXX_LIBRARY = "libc++";
				CLANG_ENABLE_MODULES = YES;
				CLANG_ENABLE_OBJC_ARC = YES;
				CLANG_ENABLE_OBJC_WEAK = YES;
				CLANG_WARN_BLOCK_CAPTURE_AUTORELEASING = YES;
				CLANG_WARN_BOOL_CONVERSION = YES;
				CLANG_WARN_COMMA = YES;
				CLANG_WARN_CONSTANT_CONVERSION = YES;
				CLANG_WARN_DEPRECATED_OBJC_IMPLEMENTATIONS = YES;
				CLANG_WARN_DIRECT_OBJC_ISA_USAGE = YES_ERROR;
				CLANG_WARN_DOCUMENTATION_COMMENTS = YES;
				CLANG_WARN_EMPTY_BODY = YES;
				CLANG_WARN_ENUM_CONVERSION = YES;
				CLANG_WARN_INFINITE_RECURSION = YES;
				CLANG_WARN_INT_CONVERSION = YES;
				CLANG_WARN_NON_LITERAL_NULL_CONVERSION = YES;
				CLANG_WARN_OBJC_IMPLICIT_RETAIN_SELF = YES;
				CLANG_WARN_OBJC_LITERAL_CONVERSION = YES;
				CLANG_WARN_OBJC_ROOT_CLASS = YES_ERROR;
				CLANG_WARN_RANGE_LOOP_ANALYSIS = YES;
				CLANG_WARN_STRICT_PROTOTYPES = YES;
				CLANG_WARN_SUSPICIOUS_MOVE = YES;
				CLANG_WARN_UNGUARDED_AVAILABILITY = YES_AGGRESSIVE;
				CLANG_WARN_UNREACHABLE_CODE = YES;
				CLANG_WARN__DUPLICATE_METHOD_MATCH = YES;
				CODE_SIGN_IDENTITY = "iPhone Developer";
				COPY_PHASE_STRIP = NO;
				DEBUG_INFORMATION_FORMAT = dwarf;
				ENABLE_STRICT_OBJC_MSGSEND = YES;
				ENABLE_TESTABILITY = YES;
				GCC_C_LANGUAGE_STANDARD = gnu11;
				GCC_DYNAMIC_NO_PIC = NO;
				GCC_NO_COMMON_BLOCKS = YES;
				GCC_OPTIMIZATION_LEVEL = 0;
				GCC_PREPROCESSOR_DEFINITIONS = (
					"DEBUG=1",
					"$(inherited)",
				);
				GCC_WARN_64_TO_32_BIT_CONVERSION = YES;
				GCC_WARN_ABOUT_RETURN_TYPE = YES_ERROR;
				GCC_WARN_UNDECLARED_SELECTOR = YES;
				GCC_WARN_UNINITIALIZED_AUTOS = YES_AGGRESSIVE;
				GCC_WARN_UNUSED_FUNCTION = YES;
				GCC_WARN_UNUSED_VARIABLE = YES;
				IPHONEOS_DEPLOYMENT_TARGET = 12.4;
				MTL_ENABLE_DEBUG_INFO = INCLUDE_SOURCE;
				MTL_FAST_MATH = YES;
				ONLY_ACTIVE_ARCH = YES;
				SDKROOT = iphoneos;
				SWIFT_ACTIVE_COMPILATION_CONDITIONS = DEBUG;
				SWIFT_OPTIMIZATION_LEVEL = "-Onone";
			};
			name = Debug;
		};
		6AE938B0232495AE00542A28 /* Release */ = {
			isa = XCBuildConfiguration;
			buildSettings = {
				ALWAYS_SEARCH_USER_PATHS = NO;
				CLANG_ANALYZER_NONNULL = YES;
				CLANG_ANALYZER_NUMBER_OBJECT_CONVERSION = YES_AGGRESSIVE;
				CLANG_CXX_LANGUAGE_STANDARD = "gnu++14";
				CLANG_CXX_LIBRARY = "libc++";
				CLANG_ENABLE_MODULES = YES;
				CLANG_ENABLE_OBJC_ARC = YES;
				CLANG_ENABLE_OBJC_WEAK = YES;
				CLANG_WARN_BLOCK_CAPTURE_AUTORELEASING = YES;
				CLANG_WARN_BOOL_CONVERSION = YES;
				CLANG_WARN_COMMA = YES;
				CLANG_WARN_CONSTANT_CONVERSION = YES;
				CLANG_WARN_DEPRECATED_OBJC_IMPLEMENTATIONS = YES;
				CLANG_WARN_DIRECT_OBJC_ISA_USAGE = YES_ERROR;
				CLANG_WARN_DOCUMENTATION_COMMENTS = YES;
				CLANG_WARN_EMPTY_BODY = YES;
				CLANG_WARN_ENUM_CONVERSION = YES;
				CLANG_WARN_INFINITE_RECURSION = YES;
				CLANG_WARN_INT_CONVERSION = YES;
				CLANG_WARN_NON_LITERAL_NULL_CONVERSION = YES;
				CLANG_WARN_OBJC_IMPLICIT_RETAIN_SELF = YES;
				CLANG_WARN_OBJC_LITERAL_CONVERSION = YES;
				CLANG_WARN_OBJC_ROOT_CLASS = YES_ERROR;
				CLANG_WARN_RANGE_LOOP_ANALYSIS = YES;
				CLANG_WARN_STRICT_PROTOTYPES = YES;
				CLANG_WARN_SUSPICIOUS_MOVE = YES;
				CLANG_WARN_UNGUARDED_AVAILABILITY = YES_AGGRESSIVE;
				CLANG_WARN_UNREACHABLE_CODE = YES;
				CLANG_WARN__DUPLICATE_METHOD_MATCH = YES;
				CODE_SIGN_IDENTITY = "iPhone Developer";
				COPY_PHASE_STRIP = NO;
				DEBUG_INFORMATION_FORMAT = "dwarf-with-dsym";
				ENABLE_NS_ASSERTIONS = NO;
				ENABLE_STRICT_OBJC_MSGSEND = YES;
				GCC_C_LANGUAGE_STANDARD = gnu11;
				GCC_NO_COMMON_BLOCKS = YES;
				GCC_WARN_64_TO_32_BIT_CONVERSION = YES;
				GCC_WARN_ABOUT_RETURN_TYPE = YES_ERROR;
				GCC_WARN_UNDECLARED_SELECTOR = YES;
				GCC_WARN_UNINITIALIZED_AUTOS = YES_AGGRESSIVE;
				GCC_WARN_UNUSED_FUNCTION = YES;
				GCC_WARN_UNUSED_VARIABLE = YES;
				IPHONEOS_DEPLOYMENT_TARGET = 12.4;
				MTL_ENABLE_DEBUG_INFO = NO;
				MTL_FAST_MATH = YES;
				SDKROOT = iphoneos;
				SWIFT_COMPILATION_MODE = wholemodule;
				SWIFT_OPTIMIZATION_LEVEL = "-O";
				VALIDATE_PRODUCT = YES;
			};
			name = Release;
		};
		6AE938B2232495AE00542A28 /* Debug */ = {
			isa = XCBuildConfiguration;
			buildSettings = {
				ASSETCATALOG_COMPILER_APPICON_NAME = AppIcon;
				CODE_SIGN_STYLE = Automatic;
				DEVELOPMENT_TEAM = 9R6URK3QTL;
				INFOPLIST_FILE = RadioASP/Info.plist;
				LD_RUNPATH_SEARCH_PATHS = (
					"$(inherited)",
					"@executable_path/Frameworks",
				);
				PRODUCT_BUNDLE_IDENTIFIER = com.theprabh.RadioASP;
				PRODUCT_NAME = "$(TARGET_NAME)";
				SWIFT_VERSION = 5.0;
				TARGETED_DEVICE_FAMILY = "1,2";
			};
			name = Debug;
		};
		6AE938B3232495AE00542A28 /* Release */ = {
			isa = XCBuildConfiguration;
			buildSettings = {
				ASSETCATALOG_COMPILER_APPICON_NAME = AppIcon;
				CODE_SIGN_STYLE = Automatic;
				DEVELOPMENT_TEAM = 9R6URK3QTL;
				INFOPLIST_FILE = RadioASP/Info.plist;
				LD_RUNPATH_SEARCH_PATHS = (
					"$(inherited)",
					"@executable_path/Frameworks",
				);
				PRODUCT_BUNDLE_IDENTIFIER = com.theprabh.RadioASP;
				PRODUCT_NAME = "$(TARGET_NAME)";
				SWIFT_VERSION = 5.0;
				TARGETED_DEVICE_FAMILY = "1,2";
			};
			name = Release;
		};
/* End XCBuildConfiguration section */

/* Begin XCConfigurationList section */
		6AE93898232495AD00542A28 /* Build configuration list for PBXProject "RadioASP" */ = {
			isa = XCConfigurationList;
			buildConfigurations = (
				6AE938AF232495AE00542A28 /* Debug */,
				6AE938B0232495AE00542A28 /* Release */,
			);
			defaultConfigurationIsVisible = 0;
			defaultConfigurationName = Release;
		};
		6AE938B1232495AE00542A28 /* Build configuration list for PBXNativeTarget "RadioASP" */ = {
			isa = XCConfigurationList;
			buildConfigurations = (
				6AE938B2232495AE00542A28 /* Debug */,
				6AE938B3232495AE00542A28 /* Release */,
			);
			defaultConfigurationIsVisible = 0;
			defaultConfigurationName = Release;
		};
/* End XCConfigurationList section */
	};
	rootObject = 6AE93895232495AD00542A28 /* Project object */;
}
